
Microsoft Visual Studio Solution File, Format Version 12.00
# Visual Studio Version 17
VisualStudioVersion = 17.8.34511.84
MinimumVisualStudioVersion = 10.0.40219.1
Project("{FAE04EC0-301F-11D3-BF4B-00C04F79EFBC}") = "Web Core", "Web Core\Web Core.csproj", "{ED3D8EE7-EED9-4C46-925E-0AA9F30E17C9}"
EndProject
Global
	GlobalSection(SolutionConfigurationPlatforms) = preSolution
		Debug|Any CPU = Debug|Any CPU
		Release|Any CPU = Release|Any CPU
	EndGlobalSection
	GlobalSection(ProjectConfigurationPlatforms) = postSolution
		{ED3D8EE7-EED9-4C46-925E-0AA9F30E17C9}.Debug|Any CPU.ActiveCfg = Debug|Any CPU
		{ED3D8EE7-EED9-4C46-925E-0AA9F30E17C9}.Debug|Any CPU.Build.0 = Debug|Any CPU
		{ED3D8EE7-EED9-4C46-925E-0AA9F30E17C9}.Release|Any CPU.ActiveCfg = Release|Any CPU
		{ED3D8EE7-EED9-4C46-925E-0AA9F30E17C9}.Release|Any CPU.Build.0 = Release|Any CPU
	EndGlobalSection
	GlobalSection(SolutionProperties) = preSolution
		HideSolutionNode = FALSE
	EndGlobalSection
	GlobalSection(ExtensibilityGlobals) = postSolution
		SolutionGuid = {C09FD19D-3C44-46A6-8B0C-01644A84E4FB}
	EndGlobalSection
EndGlobal
